# THIS IS AN AUTOGENERATED FILE. DO NOT EDIT THIS FILE DIRECTLY.
# yarn lockfile v1


axios@^0.21.1:
  version "0.21.1"
  resolved "https://registry.yarnpkg.com/axios/-/axios-0.21.1.tgz#22563481962f4d6bde9a76d516ef0e5d3c09b2b8"
  dependencies:
    follow-redirects "^1.10.0"

clipboard@^2.0.0:
  version "2.0.6"
  resolved "https://registry.yarnpkg.com/clipboard/-/clipboard-2.0.6.tgz#52921296eec0fdf77ead1749421b21c968647376"
  dependencies:
    good-listener "^1.2.2"
    select "^1.1.2"
    tiny-emitter "^2.0.0"

crypto-js@^3.1.9-1:
  version "3.1.9-1"
  resolved "https://registry.npm.taobao.org/crypto-js/download/crypto-js-3.1.9-1.tgz?cache=0&other_urls=https%3A%2F%2Fregistry.npm.taobao.org%2Fcrypto-js%2Fdownload%2Fcrypto-js-3.1.9-1.tgz#fda19e761fc077e01ffbfdc6e9fdfc59e8806cd8"

deepmerge@^4.2.2:
  version "4.2.2"
  resolved "https://registry.npm.taobao.org/deepmerge/download/deepmerge-4.2.2.tgz?cache=0&sync_timestamp=1572279720382&other_urls=https%3A%2F%2Fregistry.npm.taobao.org%2Fdeepmerge%2Fdownload%2Fdeepmerge-4.2.2.tgz#44d2ea3679b8f4d4ffba33f03d865fc1e7bf4955"

delegate@^3.1.2:
  version "3.2.0"
  resolved "https://registry.yarnpkg.com/delegate/-/delegate-3.2.0.tgz#b66b71c3158522e8ab5744f720d8ca0c2af59166"

follow-redirects@^1.10.0:
  version "1.13.1"
  resolved "https://registry.yarnpkg.com/follow-redirects/-/follow-redirects-1.13.1.tgz#5f69b813376cee4fd0474a3aba835df04ab763b7"

good-listener@^1.2.2:
  version "1.2.2"
  resolved "https://registry.yarnpkg.com/good-listener/-/good-listener-1.2.2.tgz#d53b30cdf9313dffb7dc9a0d477096aa6d145c50"
  dependencies:
    delegate "^3.1.2"

js-cookie@^2.2.1:
  version "2.2.1"
  resolved "https://registry.npm.taobao.org/js-cookie/download/js-cookie-2.2.1.tgz#69e106dc5d5806894562902aa5baec3744e9b2b8"

select@^1.1.2:
  version "1.1.2"
  resolved "https://registry.yarnpkg.com/select/-/select-1.1.2.tgz#0e7350acdec80b1108528786ec1d4418d11b396d"

shvl@^2.0.0:
  version "2.0.0"
  resolved "https://registry.npm.taobao.org/shvl/download/shvl-2.0.0.tgz#55fd550b6e81bf7574f2f576b8b5c1ffae74e10f"

tiny-emitter@^2.0.0:
  version "2.1.0"
  resolved "https://registry.yarnpkg.com/tiny-emitter/-/tiny-emitter-2.1.0.tgz#1d1a56edfc51c43e863cbb5382a72330e3555423"

vue-clipboard2@^0.3.1:
  version "0.3.1"
  resolved "https://registry.yarnpkg.com/vue-clipboard2/-/vue-clipboard2-0.3.1.tgz#6e551fb7bd384889b28b0da3b12289ed6bca4894"
  dependencies:
    clipboard "^2.0.0"

vuex-persistedstate@^2.7.0:
  version "2.7.0"
  resolved "https://registry.npm.taobao.org/vuex-persistedstate/download/vuex-persistedstate-2.7.0.tgz#f60aae4e1163bf293696a625526dbffaa42e429e"
  dependencies:
    deepmerge "^4.2.2"
    shvl "^2.0.0"
