# THIS IS AN AUTOGENERATED FILE. DO NOT EDIT THIS FILE DIRECTLY.
# yarn lockfile v1


axios@^0.19.0:
  version "0.19.0"
  resolved "https://registry.npm.taobao.org/axios/download/axios-0.19.0.tgz?cache=0&other_urls=https%3A%2F%2Fregistry.npm.taobao.org%2Faxios%2Fdownload%2Faxios-0.19.0.tgz#8e09bff3d9122e133f7b8101c8fbdd00ed3d2ab8"
  dependencies:
    follow-redirects "1.5.10"
    is-buffer "^2.0.2"

crypto-js@^3.1.9-1:
  version "3.1.9-1"
  resolved "https://registry.npm.taobao.org/crypto-js/download/crypto-js-3.1.9-1.tgz?cache=0&other_urls=https%3A%2F%2Fregistry.npm.taobao.org%2Fcrypto-js%2Fdownload%2Fcrypto-js-3.1.9-1.tgz#fda19e761fc077e01ffbfdc6e9fdfc59e8806cd8"

debug@=3.1.0:
  version "3.1.0"
  resolved "https://registry.npm.taobao.org/debug/download/debug-3.1.0.tgz#5bb5a0672628b64149566ba16819e61518c67261"
  dependencies:
    ms "2.0.0"

deepmerge@^4.2.2:
  version "4.2.2"
  resolved "https://registry.npm.taobao.org/deepmerge/download/deepmerge-4.2.2.tgz?cache=0&sync_timestamp=1572279720382&other_urls=https%3A%2F%2Fregistry.npm.taobao.org%2Fdeepmerge%2Fdownload%2Fdeepmerge-4.2.2.tgz#44d2ea3679b8f4d4ffba33f03d865fc1e7bf4955"

follow-redirects@1.5.10:
  version "1.5.10"
  resolved "https://registry.npm.taobao.org/follow-redirects/download/follow-redirects-1.5.10.tgz?cache=0&other_urls=https%3A%2F%2Fregistry.npm.taobao.org%2Ffollow-redirects%2Fdownload%2Ffollow-redirects-1.5.10.tgz#7b7a9f9aea2fdff36786a94ff643ed07f4ff5e2a"
  dependencies:
    debug "=3.1.0"

is-buffer@^2.0.2:
  version "2.0.4"
  resolved "https://registry.npm.taobao.org/is-buffer/download/is-buffer-2.0.4.tgz#3e572f23c8411a5cfd9557c849e3665e0b290623"

js-cookie@^2.2.1:
  version "2.2.1"
  resolved "https://registry.npm.taobao.org/js-cookie/download/js-cookie-2.2.1.tgz#69e106dc5d5806894562902aa5baec3744e9b2b8"

ms@2.0.0:
  version "2.0.0"
  resolved "https://registry.npm.taobao.org/ms/download/ms-2.0.0.tgz#5608aeadfc00be6c2901df5f9861788de0d597c8"

shvl@^2.0.0:
  version "2.0.0"
  resolved "https://registry.npm.taobao.org/shvl/download/shvl-2.0.0.tgz#55fd550b6e81bf7574f2f576b8b5c1ffae74e10f"

vuex-persistedstate@^2.7.0:
  version "2.7.0"
  resolved "https://registry.npm.taobao.org/vuex-persistedstate/download/vuex-persistedstate-2.7.0.tgz#f60aae4e1163bf293696a625526dbffaa42e429e"
  dependencies:
    deepmerge "^4.2.2"
    shvl "^2.0.0"
